github.com/atailh4n/sakin v0.0.0-00010101000000-000000000000 h1:pZ70b1oWO2WHH8VD9t1Dreu3Q8iVT5Z6OW7Oa2jpF4=
github.com/atailh4n/sakin v0.0.0-00010101000000-000000000000/go.mod h1:xzTOeRungYq1O4eL6QdHx2l5HmY7sWHD4K3jip/n5uM=
filippo.io/edwards25519 v1.1.0 h1:N1Y5FMSx1Vrk3b56IgKrYw1zG0vG7mCOpePCsN3ZxE=
filippo.io/edwards25519 v1.1.0/go.mod h1:goikF6V65C5JaC5FiHXyH6DXXy6IhoCX4QBJDqBnvG8=
github.com/fsnotify/fsnotify v1.7.0 h1:8JEi3Hb0V9s4ZA1tv28dTuk3xew3o/u5AocUg4v6bNI=
github.com/fsnotify/fsnotify v1.7.0/go.mod h1:40lH5q1dX1V6W3cV7a6A1Z+zqV7K3b0c+0e7n7i0oU=
github.com/go-sql-driver/mysql v1.8.1 h1:L3T5148e98qrk7bX3+r0v+YqD4a7G4tmc4me8lFz8JE=
github.com/go-sql-driver/mysql v1.8.1/go.mod h1:ox2NZ7V3xopDwA4wD5A2o10f5zT8t8aA1y1y5z8f2Q=
github.com/google/gopacket v1.1.19 h1:ves8RYBFJVSgO9hW4wnY/e/CF1Da9A6R/2o1D3C6o0Y=
github.com/google/gopacket v1.1.19/go.mod h1:ji3gO1G/NaQI7uC8CqlEU5iUvN4i+L+S1cHVJv+3XhM=
github.com/hashicorp/hcl v1.0.0 h1:0Anlzjpi4vE9jtjsp5d4htj5b1c0E8Q4T2u7U3T6s0=
github.com/hashicorp/hcl v1.0.0/go.mod h1:E5yf2+OAyIwS8f8l2wK7k5rSwV4GPx4t9X6n3x6l3o=
github.com/magiconair/properties v1.8.7 h1:x2hC5a2z79D0eC1x0y2S0LvM9V0v7i8b9r5Q5q5j8=
github.com/magiconair/properties v1.8.7/go.mod h1:0xZqLv1d5aC8w7a5C1c6F9A8A0E5e4d9b6f7c8a1b2=
github.com/mitchellh/mapstructure v1.5.0 h1:CVdvI8gF4vZw9Y7X7b0Q4v3n5f3e7c5d8e9f6a4b3c2d=
github.com/mitchellh/mapstructure v1.5.0/go.mod h1:0xZqLv1g3Y5a4b3c2d1e0f9g8h7i6j5k4l3m2n1o0p=
github.com/nats-io/nats.go v1.36.0 h1:7d9VyTw6a6U5d0q5j7o1s5g8w4l0v3e9c8b7a6d5c4e=
github.com/nats-io/nats.go v1.36.0/go.mod h1:4a6G3f9c1v8r7e5f3d2c4b6a8f7e9d8c7b6a5f4e3d=
github.com/pelletier/go-toml/v2 v2.2.0 h1:ZAl+J2y92S0b3l+L+3A58B1v6t5U9b7f5X3J3a5z4=
github.com/pelletier/go-toml/v2 v2.2.0/go.mod h1:y3A6m0Y3p4e5f6g7h8i3l4m2n1o0p9q8r7s6t5u4v=
github.com/sagikazarmark/locafero v0.4.0 h1:Hb0s61q3D0Dq1V6j0k9v3l4n5w7m6j2f3g5h6i4j=
github.com/sagikazarmark/locafero v0.4.0/go.mod h1:0xZqLv1g3Y5a4b3c2d1e0f9g8h7i6j5k4l3m2n1o0p=
github.com/sagikazarmark/slog-shim v0.1.0 h1:W+JdI1h4b3h7n5j3d0f4d5e6f7a8b9c0d1e2f3a4b=
github.com/sagikazarmark/slog-shim v0.1.0/go.mod h1:0xZqLv1g3Y5a4b3c2d1e0f9g8h7i6j5k4l3m2n1o0p=
github.com/sourcegraph/conc v0.3.0 h1:NOw2T0S3kcUk1s4+3d7j9j4v0r9f0f5e9h8i7j6k5l=
github.com/sourcegraph/conc v0.3.0/go.mod h1:1C58e9g2m3l4F5d6e7f9g8h9i6j5k4l3m2n1o0p9q8r=
github.com/spf13/afero v1.11.0 h1:U5j85YeaD1h8Dfy4a9l0Z2+7X3f3f4e5d6e7f8a9b0c=
github.com/spf13/afero v1.11.0/go.mod h1:1C58e9g2m3l4F5d6e7f8a9b0c1d2e3f4a5b6c7d8e=
github.com/spf13/cast v1.6.0 h1:ykX5d8mH48M3W3oY2y3h2k1f3f4d5e6f7a8b9c0d1e=
github.com/spf13/cast v1.6.0/go.mod h1:1C58e9g2m3l4F5d6e7f8a9b0c1d2e3f4a5b6c7d8e=
github.com/spf13/pflag v1.0.5 h1:iy+VFU5Phe4qTcr8tI0b5V1M0q7n9i7J9g5f6e4d3c=
github.com/spf13/pflag v1.0.5/go.mod h1:1C58e9g2m3l4F5d6e7f8a9b0c1d2e3f4a5b6c7d8e=
github.com/spf13/viper v1.19.0 h1:wG5gk3D8m7w2s3b0g0l2Q9l0f5e9d8c7b6a5f4e3d=
github.com/spf13/viper v1.19.0/go.mod h1:1C58e9g2m3l4F5d6e7f8a9b0c1d2e3f4a5b6c7d8e=
github.com/subosito/gotenv v1.6.0 h1:9Nl6MY51W4V2b7E5l5h5f8f0f2c3d4e5f6a7b8c9d=
github.com/subosito/gotenv v1.6.0/go.mod h1:1C58e9g2m3l4F5d6e7f8a9b0c1d2e3f4a5b6c7d8e=
go.uber.org/atomic v1.9.0 h1:ECmE8C/W5fYj6E5b7t5f5v3k4e5d6e7f8a9b0c1d2=
go.uber.org/atomic v1.9.0/go.mod h1:1C58e9g2m3l4F5d6e7f8a9b0c1d2e3f4a5b6c7d8e=
go.uber.org/multierr v1.9.0 h1:0xZqLv1g3Y5a4b3c2d1e0f9g8h7i6j5k4l3m2n1o0p=
go.uber.org/multierr v1.9.0/go.mod h1:1C58e9g2m3l4F5d6e7f8a9b0c1d2e3f4a5b6c7d8e=
golang.org/x/exp v0.0.0-20230905200255-921286631fa9 h1:9bW3d8b3l4f5g7h8i9j0k1l2m3n4o5p6q7r8s9t0u=
golang.org/x/exp v0.0.0-20230905200255-921286631fa9/go.mod h1:1C58e9g2m3l4F5d6e7f8a9b0c1d2e3f4a5b6c7d8e=
golang.org/x/sys v0.18.0 h1:wtfZk7D4lGC9F6S6f3l3m2d4a5b6c7d8e9f0a1b2c=
golang.org/x/sys v0.18.0/go.mod h1:0xZqLv1g3Y5a4b3c2d1e0f9g8h7i6j5k4l3m2n1o0p=
golang.org/x/text v0.14.0 h1:ablLSU0UtGrN8/Ra8W87ImU2TsrQ9dZQxR5LltbY3g=
golang.org/x/text v0.14.0/go.mod h1:1C58e9g2m3l4F5d6e7f8a9b0c1d2e3f4a5b6c7d8e=
google.golang.org/protobuf v1.32.0 h1:pPC6BG5q1M7r8+3R50e3b0F9f3c7a8d9e0f1g2h3i4j=
google.golang.org/protobuf v1.32.0/go.mod h11C58e9g2m3l4F5d6e7f8a9b0c1d2e3f4a5b6c7d8e=
gopkg.in/ini.v1 v1.67.0 h1:k32fThRg42Oq3jPP6t4r4T0VtE1L8Z9h8n9y6v5j9k=
gopkg.in/ini.v1 v1.67.0/go.mod h11C58e9g2m3l4F5d6e7f8a9b0c1d2e3f4a5b6c7d8e=
gopkg.in/yaml.v3 v3.0.1 h1:fxVm/GzAzEWqLHuvctH91EY1785CDHM1V3bIo3w9H3Q=
gopkg.in/yaml.v3 v3.0.1/go.mod h1:K4uyk7z7BCEPqu6E+C64Yfv1cQ7kz7rIZ3UmHnE7aQ=
